
Microsoft Visual Studio Solution File, Format Version 12.00
# Visual Studio Version 17
VisualStudioVersion = 17.12.35506.116
MinimumVisualStudioVersion = 10.0.40219.1
Project("{8BC9CEB8-8B4A-11D0-8D11-00A0C91BC942}") = "Calibration", "build\Calibration\Calibration.vcxproj", "{351B2912-591B-4EA5-84E7-A66B13B19E4B}"
	ProjectSection(ProjectDependencies) = postProject
		{F9AAD400-B1A2-4FED-81B2-1EBD1A7324BF} = {F9AAD400-B1A2-4FED-81B2-1EBD1A7324BF}
	EndProjectSection
EndProject
Project("{8BC9CEB8-8B4A-11D0-8D11-00A0C91BC942}") = "Registration", "build\Registration\Registration.vcxproj", "{FA94B58C-0960-4E0D-859D-D22866456E8E}"
	ProjectSection(ProjectDependencies) = postProject
		{F9AAD400-B1A2-4FED-81B2-1EBD1A7324BF} = {F9AAD400-B1A2-4FED-81B2-1EBD1A7324BF}
	EndProjectSection
EndProject
Project("{8BC9CEB8-8B4A-11D0-8D11-00A0C91BC942}") = "Detection", "build\Detection\Detection.vcxproj", "{FBC21750-2E3F-40D6-82A2-8BD6D601385B}"
	ProjectSection(ProjectDependencies) = postProject
		{F9AAD400-B1A2-4FED-81B2-1EBD1A7324BF} = {F9AAD400-B1A2-4FED-81B2-1EBD1A7324BF}
	EndProjectSection
EndProject
Project("{8BC9CEB8-8B4A-11D0-8D11-00A0C91BC942}") = "Meshing", "build\Meshing\Meshing.vcxproj", "{962119A0-B046-446C-80B1-013D414FEF45}"
	ProjectSection(ProjectDependencies) = postProject
		{F9AAD400-B1A2-4FED-81B2-1EBD1A7324BF} = {F9AAD400-B1A2-4FED-81B2-1EBD1A7324BF}
	EndProjectSection
EndProject
Project("{8BC9CEB8-8B4A-11D0-8D11-00A0C91BC942}") = "Rendering", "build\Rendering\Rendering.vcxproj", "{26733981-090C-4295-9630-7FB94E32D03D}"
	ProjectSection(ProjectDependencies) = postProject
		{F9AAD400-B1A2-4FED-81B2-1EBD1A7324BF} = {F9AAD400-B1A2-4FED-81B2-1EBD1A7324BF}
	EndProjectSection
EndProject
Project("{8BC9CEB8-8B4A-11D0-8D11-00A0C91BC942}") = "System", "build\System\System.vcxproj", "{46754FFB-35BA-4A5D-B22C-CCD3976123F5}"
	ProjectSection(ProjectDependencies) = postProject
		{F9AAD400-B1A2-4FED-81B2-1EBD1A7324BF} = {F9AAD400-B1A2-4FED-81B2-1EBD1A7324BF}
	EndProjectSection
EndProject
Project("{8BC9CEB8-8B4A-11D0-8D11-00A0C91BC942}") = "csc_3dcv", "build\csc_3dcv\csc_3dcv.vcxproj", "{8F5E7BA9-CC0C-4A92-9736-94BBF05052BE}"
	ProjectSection(ProjectDependencies) = postProject
		{26733981-090C-4295-9630-7FB94E32D03D} = {26733981-090C-4295-9630-7FB94E32D03D}
		{351B2912-591B-4EA5-84E7-A66B13B19E4B} = {351B2912-591B-4EA5-84E7-A66B13B19E4B}
		{46754FFB-35BA-4A5D-B22C-CCD3976123F5} = {46754FFB-35BA-4A5D-B22C-CCD3976123F5}
		{962119A0-B046-446C-80B1-013D414FEF45} = {962119A0-B046-446C-80B1-013D414FEF45}
		{F9AAD400-B1A2-4FED-81B2-1EBD1A7324BF} = {F9AAD400-B1A2-4FED-81B2-1EBD1A7324BF}
		{FA94B58C-0960-4E0D-859D-D22866456E8E} = {FA94B58C-0960-4E0D-859D-D22866456E8E}
		{FBC21750-2E3F-40D6-82A2-8BD6D601385B} = {FBC21750-2E3F-40D6-82A2-8BD6D601385B}
	EndProjectSection
EndProject
Project("{2150E333-8FDC-42A3-9474-1A3956D46DE8}") = "Module", "Module", "{F2FA607D-181C-4718-8443-FED85791685B}"
EndProject
Project("{8BC9CEB8-8B4A-11D0-8D11-00A0C91BC942}") = "Common", "build\Common\Common.vcxproj", "{F9AAD400-B1A2-4FED-81B2-1EBD1A7324BF}"
EndProject
Global
	GlobalSection(SolutionConfigurationPlatforms) = preSolution
		Debug|x64 = Debug|x64
		Debug|x86 = Debug|x86
		Release|x64 = Release|x64
		Release|x86 = Release|x86
	EndGlobalSection
	GlobalSection(ProjectConfigurationPlatforms) = postSolution
		{351B2912-591B-4EA5-84E7-A66B13B19E4B}.Debug|x64.ActiveCfg = Debug|x64
		{351B2912-591B-4EA5-84E7-A66B13B19E4B}.Debug|x64.Build.0 = Debug|x64
		{351B2912-591B-4EA5-84E7-A66B13B19E4B}.Debug|x86.ActiveCfg = Debug|x64
		{351B2912-591B-4EA5-84E7-A66B13B19E4B}.Release|x64.ActiveCfg = Release|x64
		{351B2912-591B-4EA5-84E7-A66B13B19E4B}.Release|x64.Build.0 = Release|x64
		{351B2912-591B-4EA5-84E7-A66B13B19E4B}.Release|x86.ActiveCfg = Release|x64
		{FA94B58C-0960-4E0D-859D-D22866456E8E}.Debug|x64.ActiveCfg = Debug|x64
		{FA94B58C-0960-4E0D-859D-D22866456E8E}.Debug|x64.Build.0 = Debug|x64
		{FA94B58C-0960-4E0D-859D-D22866456E8E}.Debug|x86.ActiveCfg = Debug|x64
		{FA94B58C-0960-4E0D-859D-D22866456E8E}.Release|x64.ActiveCfg = Release|x64
		{FA94B58C-0960-4E0D-859D-D22866456E8E}.Release|x64.Build.0 = Release|x64
		{FA94B58C-0960-4E0D-859D-D22866456E8E}.Release|x86.ActiveCfg = Release|x64
		{FBC21750-2E3F-40D6-82A2-8BD6D601385B}.Debug|x64.ActiveCfg = Debug|x64
		{FBC21750-2E3F-40D6-82A2-8BD6D601385B}.Debug|x64.Build.0 = Debug|x64
		{FBC21750-2E3F-40D6-82A2-8BD6D601385B}.Debug|x86.ActiveCfg = Debug|x64
		{FBC21750-2E3F-40D6-82A2-8BD6D601385B}.Release|x64.ActiveCfg = Release|x64
		{FBC21750-2E3F-40D6-82A2-8BD6D601385B}.Release|x64.Build.0 = Release|x64
		{FBC21750-2E3F-40D6-82A2-8BD6D601385B}.Release|x86.ActiveCfg = Release|x64
		{962119A0-B046-446C-80B1-013D414FEF45}.Debug|x64.ActiveCfg = Debug|x64
		{962119A0-B046-446C-80B1-013D414FEF45}.Debug|x64.Build.0 = Debug|x64
		{962119A0-B046-446C-80B1-013D414FEF45}.Debug|x86.ActiveCfg = Debug|x64
		{962119A0-B046-446C-80B1-013D414FEF45}.Release|x64.ActiveCfg = Release|x64
		{962119A0-B046-446C-80B1-013D414FEF45}.Release|x64.Build.0 = Release|x64
		{962119A0-B046-446C-80B1-013D414FEF45}.Release|x86.ActiveCfg = Release|x64
		{26733981-090C-4295-9630-7FB94E32D03D}.Debug|x64.ActiveCfg = Debug|x64
		{26733981-090C-4295-9630-7FB94E32D03D}.Debug|x64.Build.0 = Debug|x64
		{26733981-090C-4295-9630-7FB94E32D03D}.Debug|x86.ActiveCfg = Debug|x64
		{26733981-090C-4295-9630-7FB94E32D03D}.Release|x64.ActiveCfg = Release|x64
		{26733981-090C-4295-9630-7FB94E32D03D}.Release|x64.Build.0 = Release|x64
		{26733981-090C-4295-9630-7FB94E32D03D}.Release|x86.ActiveCfg = Release|x64
		{46754FFB-35BA-4A5D-B22C-CCD3976123F5}.Debug|x64.ActiveCfg = Debug|x64
		{46754FFB-35BA-4A5D-B22C-CCD3976123F5}.Debug|x64.Build.0 = Debug|x64
		{46754FFB-35BA-4A5D-B22C-CCD3976123F5}.Debug|x86.ActiveCfg = Debug|x64
		{46754FFB-35BA-4A5D-B22C-CCD3976123F5}.Release|x64.ActiveCfg = Release|x64
		{46754FFB-35BA-4A5D-B22C-CCD3976123F5}.Release|x64.Build.0 = Release|x64
		{46754FFB-35BA-4A5D-B22C-CCD3976123F5}.Release|x86.ActiveCfg = Release|x64
		{8F5E7BA9-CC0C-4A92-9736-94BBF05052BE}.Debug|x64.ActiveCfg = Debug|x64
		{8F5E7BA9-CC0C-4A92-9736-94BBF05052BE}.Debug|x64.Build.0 = Debug|x64
		{8F5E7BA9-CC0C-4A92-9736-94BBF05052BE}.Debug|x86.ActiveCfg = Debug|x64
		{8F5E7BA9-CC0C-4A92-9736-94BBF05052BE}.Release|x64.ActiveCfg = Release|x64
		{8F5E7BA9-CC0C-4A92-9736-94BBF05052BE}.Release|x64.Build.0 = Release|x64
		{8F5E7BA9-CC0C-4A92-9736-94BBF05052BE}.Release|x86.ActiveCfg = Release|x64
		{F9AAD400-B1A2-4FED-81B2-1EBD1A7324BF}.Debug|x64.ActiveCfg = Debug|x64
		{F9AAD400-B1A2-4FED-81B2-1EBD1A7324BF}.Debug|x64.Build.0 = Debug|x64
		{F9AAD400-B1A2-4FED-81B2-1EBD1A7324BF}.Debug|x86.ActiveCfg = Debug|x64
		{F9AAD400-B1A2-4FED-81B2-1EBD1A7324BF}.Release|x64.ActiveCfg = Release|x64
		{F9AAD400-B1A2-4FED-81B2-1EBD1A7324BF}.Release|x64.Build.0 = Release|x64
		{F9AAD400-B1A2-4FED-81B2-1EBD1A7324BF}.Release|x86.ActiveCfg = Release|x64
	EndGlobalSection
	GlobalSection(SolutionProperties) = preSolution
		HideSolutionNode = FALSE
	EndGlobalSection
	GlobalSection(NestedProjects) = preSolution
		{351B2912-591B-4EA5-84E7-A66B13B19E4B} = {F2FA607D-181C-4718-8443-FED85791685B}
		{FA94B58C-0960-4E0D-859D-D22866456E8E} = {F2FA607D-181C-4718-8443-FED85791685B}
		{FBC21750-2E3F-40D6-82A2-8BD6D601385B} = {F2FA607D-181C-4718-8443-FED85791685B}
		{962119A0-B046-446C-80B1-013D414FEF45} = {F2FA607D-181C-4718-8443-FED85791685B}
		{26733981-090C-4295-9630-7FB94E32D03D} = {F2FA607D-181C-4718-8443-FED85791685B}
		{46754FFB-35BA-4A5D-B22C-CCD3976123F5} = {F2FA607D-181C-4718-8443-FED85791685B}
		{F9AAD400-B1A2-4FED-81B2-1EBD1A7324BF} = {F2FA607D-181C-4718-8443-FED85791685B}
	EndGlobalSection
EndGlobal
